
Microsoft Visual Studio Solution File, Format Version 12.00
# Visual Studio Version 17
VisualStudioVersion = 17.9.34728.123
MinimumVisualStudioVersion = 10.0.40219.1
Project("{9A19103F-16F7-4668-BE54-9A1E7A4F7556}") = "SagaPatternMichael.Orchestration", "SagaPatternMichael.Orchestration\SagaPatternMichael.Orchestration.csproj", "{DD8F7091-C4EF-4613-A098-6CADABA84A10}"
EndProject
Project("{9A19103F-16F7-4668-BE54-9A1E7A4F7556}") = "SagaPatternMichael.Order", "SagaPatternMichael.Order\SagaPatternMichael.Order.csproj", "{09D3F7C0-4F21-429B-AC30-924F3DD0A747}"
EndProject
Project("{9A19103F-16F7-4668-BE54-9A1E7A4F7556}") = "SagaPatternMichael.Product.Infrastructure", "SagaPatternMichael.Product.Infrastructure\SagaPatternMichael.Product.Infrastructure.csproj", "{8619B14E-8075-48CC-AF5B-80BE9E886749}"
EndProject
Project("{9A19103F-16F7-4668-BE54-9A1E7A4F7556}") = "SagaPatternMichael.Payment.Infrastructure", "SagaPatternMichael.Payment.Infrastructure\SagaPatternMichael.Payment.Infrastructure.csproj", "{3BD28536-3073-4BC8-8B6B-60B54954E671}"
EndProject
Project("{9A19103F-16F7-4668-BE54-9A1E7A4F7556}") = "SagaPatternMichael.Product", "SagaPatternMichael.Product\SagaPatternMichael.Product.csproj", "{322EE85F-98E3-49AA-8F88-2B03BB39C66E}"
EndProject
Project("{9A19103F-16F7-4668-BE54-9A1E7A4F7556}") = "SagaPatternMichael.Payment", "SagaPatternMichael.Payment\SagaPatternMichael.Payment.csproj", "{DBDF6EF6-AEEB-4584-B91C-34DC82217D83}"
EndProject
Project("{FAE04EC0-301F-11D3-BF4B-00C04F79EFBC}") = "SagaPatternMichael.Orchestration.API", "SagaPatternMichael.Orchestration.API\SagaPatternMichael.Orchestration.API.csproj", "{BD0FE407-7931-4D15-A7A6-CD7E2E9CC093}"
EndProject
Global
	GlobalSection(SolutionConfigurationPlatforms) = preSolution
		Debug|Any CPU = Debug|Any CPU
		Release|Any CPU = Release|Any CPU
	EndGlobalSection
	GlobalSection(ProjectConfigurationPlatforms) = postSolution
		{DD8F7091-C4EF-4613-A098-6CADABA84A10}.Debug|Any CPU.ActiveCfg = Debug|Any CPU
		{DD8F7091-C4EF-4613-A098-6CADABA84A10}.Debug|Any CPU.Build.0 = Debug|Any CPU
		{DD8F7091-C4EF-4613-A098-6CADABA84A10}.Release|Any CPU.ActiveCfg = Release|Any CPU
		{DD8F7091-C4EF-4613-A098-6CADABA84A10}.Release|Any CPU.Build.0 = Release|Any CPU
		{09D3F7C0-4F21-429B-AC30-924F3DD0A747}.Debug|Any CPU.ActiveCfg = Debug|Any CPU
		{09D3F7C0-4F21-429B-AC30-924F3DD0A747}.Debug|Any CPU.Build.0 = Debug|Any CPU
		{09D3F7C0-4F21-429B-AC30-924F3DD0A747}.Release|Any CPU.ActiveCfg = Release|Any CPU
		{09D3F7C0-4F21-429B-AC30-924F3DD0A747}.Release|Any CPU.Build.0 = Release|Any CPU
		{8619B14E-8075-48CC-AF5B-80BE9E886749}.Debug|Any CPU.ActiveCfg = Debug|Any CPU
		{8619B14E-8075-48CC-AF5B-80BE9E886749}.Debug|Any CPU.Build.0 = Debug|Any CPU
		{8619B14E-8075-48CC-AF5B-80BE9E886749}.Release|Any CPU.ActiveCfg = Release|Any CPU
		{8619B14E-8075-48CC-AF5B-80BE9E886749}.Release|Any CPU.Build.0 = Release|Any CPU
		{3BD28536-3073-4BC8-8B6B-60B54954E671}.Debug|Any CPU.ActiveCfg = Debug|Any CPU
		{3BD28536-3073-4BC8-8B6B-60B54954E671}.Debug|Any CPU.Build.0 = Debug|Any CPU
		{3BD28536-3073-4BC8-8B6B-60B54954E671}.Release|Any CPU.ActiveCfg = Release|Any CPU
		{3BD28536-3073-4BC8-8B6B-60B54954E671}.Release|Any CPU.Build.0 = Release|Any CPU
		{322EE85F-98E3-49AA-8F88-2B03BB39C66E}.Debug|Any CPU.ActiveCfg = Debug|Any CPU
		{322EE85F-98E3-49AA-8F88-2B03BB39C66E}.Debug|Any CPU.Build.0 = Debug|Any CPU
		{322EE85F-98E3-49AA-8F88-2B03BB39C66E}.Release|Any CPU.ActiveCfg = Release|Any CPU
		{322EE85F-98E3-49AA-8F88-2B03BB39C66E}.Release|Any CPU.Build.0 = Release|Any CPU
		{DBDF6EF6-AEEB-4584-B91C-34DC82217D83}.Debug|Any CPU.ActiveCfg = Debug|Any CPU
		{DBDF6EF6-AEEB-4584-B91C-34DC82217D83}.Debug|Any CPU.Build.0 = Debug|Any CPU
		{DBDF6EF6-AEEB-4584-B91C-34DC82217D83}.Release|Any CPU.ActiveCfg = Release|Any CPU
		{DBDF6EF6-AEEB-4584-B91C-34DC82217D83}.Release|Any CPU.Build.0 = Release|Any CPU
		{BD0FE407-7931-4D15-A7A6-CD7E2E9CC093}.Debug|Any CPU.ActiveCfg = Debug|Any CPU
		{BD0FE407-7931-4D15-A7A6-CD7E2E9CC093}.Debug|Any CPU.Build.0 = Debug|Any CPU
		{BD0FE407-7931-4D15-A7A6-CD7E2E9CC093}.Release|Any CPU.ActiveCfg = Release|Any CPU
		{BD0FE407-7931-4D15-A7A6-CD7E2E9CC093}.Release|Any CPU.Build.0 = Release|Any CPU
	EndGlobalSection
	GlobalSection(SolutionProperties) = preSolution
		HideSolutionNode = FALSE
	EndGlobalSection
	GlobalSection(ExtensibilityGlobals) = postSolution
		SolutionGuid = {39A4C248-9106-4DAA-A4E9-E17C4F7CB7D5}
	EndGlobalSection
EndGlobal
